
Microsoft Visual Studio Solution File, Format Version 12.00
# Visual Studio 15
VisualStudioVersion = 15.0.28307.1401
MinimumVisualStudioVersion = 10.0.40219.1
Project("{FAE04EC0-301F-11D3-BF4B-00C04F79EFBC}") = "KorRegr", "KorRegr\KorRegr.csproj", "{45071C62-CA81-42B6-A3BC-F4EB559430F3}"
EndProject
Project("{FAE04EC0-301F-11D3-BF4B-00C04F79EFBC}") = "KorRegAnaliz", "..\KorRegAnaliz\KorRegAnaliz.csproj", "{612E6852-B1D1-4D19-8EF6-1904B84019CA}"
EndProject
Global
	GlobalSection(SolutionConfigurationPlatforms) = preSolution
		Debug|Any CPU = Debug|Any CPU
		Release|Any CPU = Release|Any CPU
	EndGlobalSection
	GlobalSection(ProjectConfigurationPlatforms) = postSolution
		{45071C62-CA81-42B6-A3BC-F4EB559430F3}.Debug|Any CPU.ActiveCfg = Debug|Any CPU
		{45071C62-CA81-42B6-A3BC-F4EB559430F3}.Debug|Any CPU.Build.0 = Debug|Any CPU
		{45071C62-CA81-42B6-A3BC-F4EB559430F3}.Release|Any CPU.ActiveCfg = Release|Any CPU
		{45071C62-CA81-42B6-A3BC-F4EB559430F3}.Release|Any CPU.Build.0 = Release|Any CPU
		{612E6852-B1D1-4D19-8EF6-1904B84019CA}.Debug|Any CPU.ActiveCfg = Debug|Any CPU
		{612E6852-B1D1-4D19-8EF6-1904B84019CA}.Debug|Any CPU.Build.0 = Debug|Any CPU
		{612E6852-B1D1-4D19-8EF6-1904B84019CA}.Release|Any CPU.ActiveCfg = Release|Any CPU
		{612E6852-B1D1-4D19-8EF6-1904B84019CA}.Release|Any CPU.Build.0 = Release|Any CPU
	EndGlobalSection
	GlobalSection(SolutionProperties) = preSolution
		HideSolutionNode = FALSE
	EndGlobalSection
	GlobalSection(ExtensibilityGlobals) = postSolution
		SolutionGuid = {D1A0F00F-1A84-4787-B83E-7EC247A2BCF3}
	EndGlobalSection
EndGlobal
